PODS:
  - DLRadioButton (1.4.12)
  - SkeletonView (1.25.1)

DEPENDENCIES:
  - DLRadioButton (~> 1.4)
  - SkeletonView

SPEC REPOS:
  trunk:
    - DLRadioButton
    - SkeletonView

SPEC CHECKSUMS:
  DLRadioButton: d7c4e225ed0e8013cef7be61455230c7557ad7c1
  SkeletonView: 77079530e1348a72f48b79ae30dcb966c1b18b6a

PODFILE CHECKSUM: 90f69b344dc441e4008b5902260accc5622c3d86

COCOAPODS: 1.10.0
